
Microsoft Visual Studio Solution File, Format Version 12.00
# Visual Studio Version 17
VisualStudioVersion = 17.13.35931.197 d17.13
MinimumVisualStudioVersion = 10.0.40219.1
Project("{FAE04EC0-301F-11D3-BF4B-00C04F79EFBC}") = "SimpleChess", "SimpleChess\SimpleChess.csproj", "{23D79992-D67F-40B1-8BA0-785741488604}"
EndProject
Project("{FAE04EC0-301F-11D3-BF4B-00C04F79EFBC}") = "SimpleChess.Test", "SImpleChess.Test\SimpleChess.Test.csproj", "{176043F0-7467-4F9F-8609-E01DB1886FDF}"
EndProject
Global
	GlobalSection(SolutionConfigurationPlatforms) = preSolution
		Debug|Any CPU = Debug|Any CPU
		Release|Any CPU = Release|Any CPU
	EndGlobalSection
	GlobalSection(ProjectConfigurationPlatforms) = postSolution
		{23D79992-D67F-40B1-8BA0-785741488604}.Debug|Any CPU.ActiveCfg = Debug|Any CPU
		{23D79992-D67F-40B1-8BA0-785741488604}.Debug|Any CPU.Build.0 = Debug|Any CPU
		{23D79992-D67F-40B1-8BA0-785741488604}.Release|Any CPU.ActiveCfg = Release|Any CPU
		{23D79992-D67F-40B1-8BA0-785741488604}.Release|Any CPU.Build.0 = Release|Any CPU
		{176043F0-7467-4F9F-8609-E01DB1886FDF}.Debug|Any CPU.ActiveCfg = Debug|Any CPU
		{176043F0-7467-4F9F-8609-E01DB1886FDF}.Debug|Any CPU.Build.0 = Debug|Any CPU
		{176043F0-7467-4F9F-8609-E01DB1886FDF}.Release|Any CPU.ActiveCfg = Release|Any CPU
		{176043F0-7467-4F9F-8609-E01DB1886FDF}.Release|Any CPU.Build.0 = Release|Any CPU
	EndGlobalSection
	GlobalSection(SolutionProperties) = preSolution
		HideSolutionNode = FALSE
	EndGlobalSection
	GlobalSection(ExtensibilityGlobals) = postSolution
		SolutionGuid = {129827EE-9496-4DA7-890D-CCB1D326061E}
	EndGlobalSection
EndGlobal
